
Microsoft Visual Studio Solution File, Format Version 12.00
# Visual Studio Version 16
VisualStudioVersion = 25.0.1703.2
MinimumVisualStudioVersion = 10.0.40219.1
Project("{FAE04EC0-301F-11D3-BF4B-00C04F79EFBC}") = "Unity.VSCode.Editor", "Unity.VSCode.Editor.csproj", "{D97813F6-137B-88CE-BD33-3E469ACECCF5}"
EndProject
Global
	GlobalSection(SolutionConfigurationPlatforms) = preSolution
		Debug|Any CPU = Debug|Any CPU
		Release|Any CPU = Release|Any CPU
	EndGlobalSection
	GlobalSection(ProjectConfigurationPlatforms) = postSolution
		{D97813F6-137B-88CE-BD33-3E469ACECCF5}.Debug|Any CPU.ActiveCfg = Debug|Any CPU
		{D97813F6-137B-88CE-BD33-3E469ACECCF5}.Debug|Any CPU.Build.0 = Debug|Any CPU
		{D97813F6-137B-88CE-BD33-3E469ACECCF5}.Release|Any CPU.ActiveCfg = Release|Any CPU
		{D97813F6-137B-88CE-BD33-3E469ACECCF5}.Release|Any CPU.Build.0 = Release|Any CPU
	EndGlobalSection
	GlobalSection(SolutionProperties) = preSolution
		HideSolutionNode = FALSE
	EndGlobalSection
	GlobalSection(ExtensibilityGlobals) = postSolution
		SolutionGuid = {BABE6593-8B84-40A2-8517-BEBD6EC982B4}
	EndGlobalSection
EndGlobal
